lockfileVersion: '9.0'

settings:
  autoInstallPeers: true
  excludeLinksFromLockfile: false

importers:

  .:
    devDependencies:
      typescript:
        specifier: ^5.7.3
        version: 5.9.3

  packages/api:
    devDependencies:
      '@types/node':
        specifier: ^22.10.7
        version: 22.19.7

  packages/cli:
    dependencies:
      '@ccshare/sdk':
        specifier: workspace:*
        version: link:../sdk
      '@inquirer/core':
        specifier: ^11.1.1
        version: 11.1.1(@types/node@22.19.7)
      '@inquirer/prompts':
        specifier: ^8.2.0
        version: 8.2.0(@types/node@22.19.7)
      '@inquirer/type':
        specifier: ^4.0.3
        version: 4.0.3(@types/node@22.19.7)
      chalk:
        specifier: ^5.6.2
        version: 5.6.2
    devDependencies:
      '@types/node':
        specifier: ^22.10.7
        version: 22.19.7

  packages/sdk:
    devDependencies:
      '@types/node':
        specifier: ^22.10.7
        version: 22.19.7

packages:

  '@inquirer/ansi@2.0.3':
    resolution: {integrity: sha512-g44zhR3NIKVs0zUesa4iMzExmZpLUdTLRMCStqX3GE5NT6VkPcxQGJ+uC8tDgBUC/vB1rUhUd55cOf++4NZcmw==, tarball: https://registry.npmjs.org/@inquirer/ansi/-/ansi-2.0.3.tgz}
    engines: {node: '>=23.5.0 || ^22.13.0 || ^21.7.0 || ^20.12.0'}

  '@inquirer/checkbox@5.0.4':
    resolution: {integrity: sha512-DrAMU3YBGMUAp6ArwTIp/25CNDtDbxk7UjIrrtM25JVVrlVYlVzHh5HR1BDFu9JMyUoZ4ZanzeaHqNDttf3gVg==, tarball: https://registry.npmjs.org/@inquirer/checkbox/-/checkbox-5.0.4.tgz}
    engines: {node: '>=23.5.0 || ^22.13.0 || ^21.7.0 || ^20.12.0'}
    peerDependencies:
      '@types/node': '>=18'
    peerDependenciesMeta:
      '@types/node':
        optional: true

  '@inquirer/confirm@6.0.4':
    resolution: {integrity: sha512-WdaPe7foUnoGYvXzH4jp4wH/3l+dBhZ3uwhKjXjwdrq5tEIFaANxj6zrGHxLdsIA0yKM0kFPVcEalOZXBB5ISA==, tarball: https://registry.npmjs.org/@inquirer/confirm/-/confirm-6.0.4.tgz}
    engines: {node: '>=23.5.0 || ^22.13.0 || ^21.7.0 || ^20.12.0'}
    peerDependencies:
      '@types/node': '>=18'
    peerDependenciesMeta:
      '@types/node':
        optional: true

  '@inquirer/core@11.1.1':
    resolution: {integrity: sha512-hV9o15UxX46OyQAtaoMqAOxGR8RVl1aZtDx1jHbCtSJy1tBdTfKxLPKf7utsE4cRy4tcmCQ4+vdV+ca+oNxqNA==, tarball: https://registry.npmjs.org/@inquirer/core/-/core-11.1.1.tgz}
    engines: {node: '>=23.5.0 || ^22.13.0 || ^21.7.0 || ^20.12.0'}
    peerDependencies:
      '@types/node': '>=18'
    peerDependenciesMeta:
      '@types/node':
        optional: true

  '@inquirer/editor@5.0.4':
    resolution: {integrity: sha512-QI3Jfqcv6UO2/VJaEFONH8Im1ll++Xn/AJTBn9Xf+qx2M+H8KZAdQ5sAe2vtYlo+mLW+d7JaMJB4qWtK4BG3pw==, tarball: https://registry.npmjs.org/@inquirer/editor/-/editor-5.0.4.tgz}
    engines: {node: '>=23.5.0 || ^22.13.0 || ^21.7.0 || ^20.12.0'}
    peerDependencies:
      '@types/node': '>=18'
    peerDependenciesMeta:
      '@types/node':
        optional: true

  '@inquirer/expand@5.0.4':
    resolution: {integrity: sha512-0I/16YwPPP0Co7a5MsomlZLpch48NzYfToyqYAOWtBmaXSB80RiNQ1J+0xx2eG+Wfxt0nHtpEWSRr6CzNVnOGg==, tarball: https://registry.npmjs.org/@inquirer/expand/-/expand-5.0.4.tgz}
    engines: {node: '>=23.5.0 || ^22.13.0 || ^21.7.0 || ^20.12.0'}
    peerDependencies:
      '@types/node': '>=18'
    peerDependenciesMeta:
      '@types/node':
        optional: true

  '@inquirer/external-editor@2.0.3':
    resolution: {integrity: sha512-LgyI7Agbda74/cL5MvA88iDpvdXI2KuMBCGRkbCl2Dg1vzHeOgs+s0SDcXV7b+WZJrv2+ERpWSM65Fpi9VfY3w==, tarball: https://registry.npmjs.org/@inquirer/external-editor/-/external-editor-2.0.3.tgz}
    engines: {node: '>=23.5.0 || ^22.13.0 || ^21.7.0 || ^20.12.0'}
    peerDependencies:
      '@types/node': '>=18'
    peerDependenciesMeta:
      '@types/node':
        optional: true

  '@inquirer/figures@2.0.3':
    resolution: {integrity: sha512-y09iGt3JKoOCBQ3w4YrSJdokcD8ciSlMIWsD+auPu+OZpfxLuyz+gICAQ6GCBOmJJt4KEQGHuZSVff2jiNOy7g==, tarball: https://registry.npmjs.org/@inquirer/figures/-/figures-2.0.3.tgz}
    engines: {node: '>=23.5.0 || ^22.13.0 || ^21.7.0 || ^20.12.0'}

  '@inquirer/input@5.0.4':
    resolution: {integrity: sha512-4B3s3jvTREDFvXWit92Yc6jF1RJMDy2VpSqKtm4We2oVU65YOh2szY5/G14h4fHlyQdpUmazU5MPCFZPRJ0AOw==, tarball: https://registry.npmjs.org/@inquirer/input/-/input-5.0.4.tgz}
    engines: {node: '>=23.5.0 || ^22.13.0 || ^21.7.0 || ^20.12.0'}
    peerDependencies:
      '@types/node': '>=18'
    peerDependenciesMeta:
      '@types/node':
        optional: true

  '@inquirer/number@4.0.4':
    resolution: {integrity: sha512-CmMp9LF5HwE+G/xWsC333TlCzYYbXMkcADkKzcawh49fg2a1ryLc7JL1NJYYt1lJ+8f4slikNjJM9TEL/AljYQ==, tarball: https://registry.npmjs.org/@inquirer/number/-/number-4.0.4.tgz}
    engines: {node: '>=23.5.0 || ^22.13.0 || ^21.7.0 || ^20.12.0'}
    peerDependencies:
      '@types/node': '>=18'
    peerDependenciesMeta:
      '@types/node':
        optional: true

  '@inquirer/password@5.0.4':
    resolution: {integrity: sha512-ZCEPyVYvHK4W4p2Gy6sTp9nqsdHQCfiPXIP9LbJVW4yCinnxL/dDDmPaEZVysGrj8vxVReRnpfS2fOeODe9zjg==, tarball: https://registry.npmjs.org/@inquirer/password/-/password-5.0.4.tgz}
    engines: {node: '>=23.5.0 || ^22.13.0 || ^21.7.0 || ^20.12.0'}
    peerDependencies:
      '@types/node': '>=18'
    peerDependenciesMeta:
      '@types/node':
        optional: true

  '@inquirer/prompts@8.2.0':
    resolution: {integrity: sha512-rqTzOprAj55a27jctS3vhvDDJzYXsr33WXTjODgVOru21NvBo9yIgLIAf7SBdSV0WERVly3dR6TWyp7ZHkvKFA==, tarball: https://registry.npmjs.org/@inquirer/prompts/-/prompts-8.2.0.tgz}
    engines: {node: '>=23.5.0 || ^22.13.0 || ^21.7.0 || ^20.12.0'}
    peerDependencies:
      '@types/node': '>=18'
    peerDependenciesMeta:
      '@types/node':
        optional: true

  '@inquirer/rawlist@5.2.0':
    resolution: {integrity: sha512-CciqGoOUMrFo6HxvOtU5uL8fkjCmzyeB6fG7O1vdVAZVSopUBYECOwevDBlqNLyyYmzpm2Gsn/7nLrpruy9RFg==, tarball: https://registry.npmjs.org/@inquirer/rawlist/-/rawlist-5.2.0.tgz}
    engines: {node: '>=23.5.0 || ^22.13.0 || ^21.7.0 || ^20.12.0'}
    peerDependencies:
      '@types/node': '>=18'
    peerDependenciesMeta:
      '@types/node':
        optional: true

  '@inquirer/search@4.1.0':
    resolution: {integrity: sha512-EAzemfiP4IFvIuWnrHpgZs9lAhWDA0GM3l9F4t4mTQ22IFtzfrk8xbkMLcAN7gmVML9O/i+Hzu8yOUyAaL6BKA==, tarball: https://registry.npmjs.org/@inquirer/search/-/search-4.1.0.tgz}
    engines: {node: '>=23.5.0 || ^22.13.0 || ^21.7.0 || ^20.12.0'}
    peerDependencies:
      '@types/node': '>=18'
    peerDependenciesMeta:
      '@types/node':
        optional: true

  '@inquirer/select@5.0.4':
    resolution: {integrity: sha512-s8KoGpPYMEQ6WXc0dT9blX2NtIulMdLOO3LA1UKOiv7KFWzlJ6eLkEYTDBIi+JkyKXyn8t/CD6TinxGjyLt57g==, tarball: https://registry.npmjs.org/@inquirer/select/-/select-5.0.4.tgz}
    engines: {node: '>=23.5.0 || ^22.13.0 || ^21.7.0 || ^20.12.0'}
    peerDependencies:
      '@types/node': '>=18'
    peerDependenciesMeta:
      '@types/node':
        optional: true

  '@inquirer/type@4.0.3':
    resolution: {integrity: sha512-cKZN7qcXOpj1h+1eTTcGDVLaBIHNMT1Rz9JqJP5MnEJ0JhgVWllx7H/tahUp5YEK1qaByH2Itb8wLG/iScD5kw==, tarball: https://registry.npmjs.org/@inquirer/type/-/type-4.0.3.tgz}
    engines: {node: '>=23.5.0 || ^22.13.0 || ^21.7.0 || ^20.12.0'}
    peerDependencies:
      '@types/node': '>=18'
    peerDependenciesMeta:
      '@types/node':
        optional: true

  '@types/node@22.19.7':
    resolution: {integrity: sha512-MciR4AKGHWl7xwxkBa6xUGxQJ4VBOmPTF7sL+iGzuahOFaO0jHCsuEfS80pan1ef4gWId1oWOweIhrDEYLuaOw==, tarball: https://registry.npmjs.org/@types/node/-/node-22.19.7.tgz}

  ansi-regex@6.2.2:
    resolution: {integrity: sha512-Bq3SmSpyFHaWjPk8If9yc6svM8c56dB5BAtW4Qbw5jHTwwXXcTLoRMkpDJp6VL0XzlWaCHTXrkFURMYmD0sLqg==, tarball: https://registry.npmjs.org/ansi-regex/-/ansi-regex-6.2.2.tgz}
    engines: {node: '>=12'}

  ansi-styles@6.2.3:
    resolution: {integrity: sha512-4Dj6M28JB+oAH8kFkTLUo+a2jwOFkuqb3yucU0CANcRRUbxS0cP0nZYCGjcc3BNXwRIsUVmDGgzawme7zvJHvg==, tarball: https://registry.npmjs.org/ansi-styles/-/ansi-styles-6.2.3.tgz}
    engines: {node: '>=12'}

  chalk@5.6.2:
    resolution: {integrity: sha512-7NzBL0rN6fMUW+f7A6Io4h40qQlG+xGmtMxfbnH/K7TAtt8JQWVQK+6g0UXKMeVJoyV5EkkNsErQ8pVD3bLHbA==, tarball: https://registry.npmjs.org/chalk/-/chalk-5.6.2.tgz}
    engines: {node: ^12.17.0 || ^14.13 || >=16.0.0}

  chardet@2.1.1:
    resolution: {integrity: sha512-PsezH1rqdV9VvyNhxxOW32/d75r01NY7TQCmOqomRo15ZSOKbpTFVsfjghxo6JloQUCGnH4k1LGu0R4yCLlWQQ==, tarball: https://registry.npmjs.org/chardet/-/chardet-2.1.1.tgz}

  cli-width@4.1.0:
    resolution: {integrity: sha512-ouuZd4/dm2Sw5Gmqy6bGyNNNe1qt9RpmxveLSO7KcgsTnU7RXfsw+/bukWGo1abgBiMAic068rclZsO4IWmmxQ==, tarball: https://registry.npmjs.org/cli-width/-/cli-width-4.1.0.tgz}
    engines: {node: '>= 12'}

  emoji-regex@10.6.0:
    resolution: {integrity: sha512-toUI84YS5YmxW219erniWD0CIVOo46xGKColeNQRgOzDorgBi1v4D71/OFzgD9GO2UGKIv1C3Sp8DAn0+j5w7A==, tarball: https://registry.npmjs.org/emoji-regex/-/emoji-regex-10.6.0.tgz}

  get-east-asian-width@1.4.0:
    resolution: {integrity: sha512-QZjmEOC+IT1uk6Rx0sX22V6uHWVwbdbxf1faPqJ1QhLdGgsRGCZoyaQBm/piRdJy/D2um6hM1UP7ZEeQ4EkP+Q==, tarball: https://registry.npmjs.org/get-east-asian-width/-/get-east-asian-width-1.4.0.tgz}
    engines: {node: '>=18'}

  iconv-lite@0.7.2:
    resolution: {integrity: sha512-im9DjEDQ55s9fL4EYzOAv0yMqmMBSZp6G0VvFyTMPKWxiSBHUj9NW/qqLmXUwXrrM7AvqSlTCfvqRb0cM8yYqw==, tarball: https://registry.npmjs.org/iconv-lite/-/iconv-lite-0.7.2.tgz}
    engines: {node: '>=0.10.0'}

  mute-stream@3.0.0:
    resolution: {integrity: sha512-dkEJPVvun4FryqBmZ5KhDo0K9iDXAwn08tMLDinNdRBNPcYEDiWYysLcc6k3mjTMlbP9KyylvRpd4wFtwrT9rw==, tarball: https://registry.npmjs.org/mute-stream/-/mute-stream-3.0.0.tgz}
    engines: {node: ^20.17.0 || >=22.9.0}

  safer-buffer@2.1.2:
    resolution: {integrity: sha512-YZo3K82SD7Riyi0E1EQPojLz7kpepnSQI9IyPbHHg1XXXevb5dJI7tpyN2ADxGcQbHG7vcyRHk0cbwqcQriUtg==, tarball: https://registry.npmjs.org/safer-buffer/-/safer-buffer-2.1.2.tgz}

  signal-exit@4.1.0:
    resolution: {integrity: sha512-bzyZ1e88w9O1iNJbKnOlvYTrWPDl46O1bG0D3XInv+9tkPrxrN8jUUTiFlDkkmKWgn1M6CfIA13SuGqOa9Korw==, tarball: https://registry.npmjs.org/signal-exit/-/signal-exit-4.1.0.tgz}
    engines: {node: '>=14'}

  string-width@7.2.0:
    resolution: {integrity: sha512-tsaTIkKW9b4N+AEj+SVA+WhJzV7/zMhcSu78mLKWSk7cXMOSHsBKFWUs0fWwq8QyK3MgJBQRX6Gbi4kYbdvGkQ==, tarball: https://registry.npmjs.org/string-width/-/string-width-7.2.0.tgz}
    engines: {node: '>=18'}

  strip-ansi@7.1.2:
    resolution: {integrity: sha512-gmBGslpoQJtgnMAvOVqGZpEz9dyoKTCzy2nfz/n8aIFhN/jCE/rCmcxabB6jOOHV+0WNnylOxaxBQPSvcWklhA==, tarball: https://registry.npmjs.org/strip-ansi/-/strip-ansi-7.1.2.tgz}
    engines: {node: '>=12'}

  typescript@5.9.3:
    resolution: {integrity: sha512-jl1vZzPDinLr9eUt3J/t7V6FgNEw9QjvBPdysz9KfQDD41fQrC2Y4vKQdiaUpFT4bXlb1RHhLpp8wtm6M5TgSw==, tarball: https://registry.npmjs.org/typescript/-/typescript-5.9.3.tgz}
    engines: {node: '>=14.17'}
    hasBin: true

  undici-types@6.21.0:
    resolution: {integrity: sha512-iwDZqg0QAGrg9Rav5H4n0M64c3mkR59cJ6wQp+7C4nI0gsmExaedaYLNO44eT4AtBBwjbTiGPMlt2Md0T9H9JQ==, tarball: https://registry.npmjs.org/undici-types/-/undici-types-6.21.0.tgz}

  wrap-ansi@9.0.2:
    resolution: {integrity: sha512-42AtmgqjV+X1VpdOfyTGOYRi0/zsoLqtXQckTmqTeybT+BDIbM/Guxo7x3pE2vtpr1ok6xRqM9OpBe+Jyoqyww==, tarball: https://registry.npmjs.org/wrap-ansi/-/wrap-ansi-9.0.2.tgz}
    engines: {node: '>=18'}

snapshots:

  '@inquirer/ansi@2.0.3': {}

  '@inquirer/checkbox@5.0.4(@types/node@22.19.7)':
    dependencies:
      '@inquirer/ansi': 2.0.3
      '@inquirer/core': 11.1.1(@types/node@22.19.7)
      '@inquirer/figures': 2.0.3
      '@inquirer/type': 4.0.3(@types/node@22.19.7)
    optionalDependencies:
      '@types/node': 22.19.7

  '@inquirer/confirm@6.0.4(@types/node@22.19.7)':
    dependencies:
      '@inquirer/core': 11.1.1(@types/node@22.19.7)
      '@inquirer/type': 4.0.3(@types/node@22.19.7)
    optionalDependencies:
      '@types/node': 22.19.7

  '@inquirer/core@11.1.1(@types/node@22.19.7)':
    dependencies:
      '@inquirer/ansi': 2.0.3
      '@inquirer/figures': 2.0.3
      '@inquirer/type': 4.0.3(@types/node@22.19.7)
      cli-width: 4.1.0
      mute-stream: 3.0.0
      signal-exit: 4.1.0
      wrap-ansi: 9.0.2
    optionalDependencies:
      '@types/node': 22.19.7

  '@inquirer/editor@5.0.4(@types/node@22.19.7)':
    dependencies:
      '@inquirer/core': 11.1.1(@types/node@22.19.7)
      '@inquirer/external-editor': 2.0.3(@types/node@22.19.7)
      '@inquirer/type': 4.0.3(@types/node@22.19.7)
    optionalDependencies:
      '@types/node': 22.19.7

  '@inquirer/expand@5.0.4(@types/node@22.19.7)':
    dependencies:
      '@inquirer/core': 11.1.1(@types/node@22.19.7)
      '@inquirer/type': 4.0.3(@types/node@22.19.7)
    optionalDependencies:
      '@types/node': 22.19.7

  '@inquirer/external-editor@2.0.3(@types/node@22.19.7)':
    dependencies:
      chardet: 2.1.1
      iconv-lite: 0.7.2
    optionalDependencies:
      '@types/node': 22.19.7

  '@inquirer/figures@2.0.3': {}

  '@inquirer/input@5.0.4(@types/node@22.19.7)':
    dependencies:
      '@inquirer/core': 11.1.1(@types/node@22.19.7)
      '@inquirer/type': 4.0.3(@types/node@22.19.7)
    optionalDependencies:
      '@types/node': 22.19.7

  '@inquirer/number@4.0.4(@types/node@22.19.7)':
    dependencies:
      '@inquirer/core': 11.1.1(@types/node@22.19.7)
      '@inquirer/type': 4.0.3(@types/node@22.19.7)
    optionalDependencies:
      '@types/node': 22.19.7

  '@inquirer/password@5.0.4(@types/node@22.19.7)':
    dependencies:
      '@inquirer/ansi': 2.0.3
      '@inquirer/core': 11.1.1(@types/node@22.19.7)
      '@inquirer/type': 4.0.3(@types/node@22.19.7)
    optionalDependencies:
      '@types/node': 22.19.7

  '@inquirer/prompts@8.2.0(@types/node@22.19.7)':
    dependencies:
      '@inquirer/checkbox': 5.0.4(@types/node@22.19.7)
      '@inquirer/confirm': 6.0.4(@types/node@22.19.7)
      '@inquirer/editor': 5.0.4(@types/node@22.19.7)
      '@inquirer/expand': 5.0.4(@types/node@22.19.7)
      '@inquirer/input': 5.0.4(@types/node@22.19.7)
      '@inquirer/number': 4.0.4(@types/node@22.19.7)
      '@inquirer/password': 5.0.4(@types/node@22.19.7)
      '@inquirer/rawlist': 5.2.0(@types/node@22.19.7)
      '@inquirer/search': 4.1.0(@types/node@22.19.7)
      '@inquirer/select': 5.0.4(@types/node@22.19.7)
    optionalDependencies:
      '@types/node': 22.19.7

  '@inquirer/rawlist@5.2.0(@types/node@22.19.7)':
    dependencies:
      '@inquirer/core': 11.1.1(@types/node@22.19.7)
      '@inquirer/type': 4.0.3(@types/node@22.19.7)
    optionalDependencies:
      '@types/node': 22.19.7

  '@inquirer/search@4.1.0(@types/node@22.19.7)':
    dependencies:
      '@inquirer/core': 11.1.1(@types/node@22.19.7)
      '@inquirer/figures': 2.0.3
      '@inquirer/type': 4.0.3(@types/node@22.19.7)
    optionalDependencies:
      '@types/node': 22.19.7

  '@inquirer/select@5.0.4(@types/node@22.19.7)':
    dependencies:
      '@inquirer/ansi': 2.0.3
      '@inquirer/core': 11.1.1(@types/node@22.19.7)
      '@inquirer/figures': 2.0.3
      '@inquirer/type': 4.0.3(@types/node@22.19.7)
    optionalDependencies:
      '@types/node': 22.19.7

  '@inquirer/type@4.0.3(@types/node@22.19.7)':
    optionalDependencies:
      '@types/node': 22.19.7

  '@types/node@22.19.7':
    dependencies:
      undici-types: 6.21.0

  ansi-regex@6.2.2: {}

  ansi-styles@6.2.3: {}

  chalk@5.6.2: {}

  chardet@2.1.1: {}

  cli-width@4.1.0: {}

  emoji-regex@10.6.0: {}

  get-east-asian-width@1.4.0: {}

  iconv-lite@0.7.2:
    dependencies:
      safer-buffer: 2.1.2

  mute-stream@3.0.0: {}

  safer-buffer@2.1.2: {}

  signal-exit@4.1.0: {}

  string-width@7.2.0:
    dependencies:
      emoji-regex: 10.6.0
      get-east-asian-width: 1.4.0
      strip-ansi: 7.1.2

  strip-ansi@7.1.2:
    dependencies:
      ansi-regex: 6.2.2

  typescript@5.9.3: {}

  undici-types@6.21.0: {}

  wrap-ansi@9.0.2:
    dependencies:
      ansi-styles: 6.2.3
      string-width: 7.2.0
      strip-ansi: 7.1.2
